// !$*UTF8*$!
{
	archiveVersion = 1;
	classes = {
	};
	objectVersion = 46;
	objects = {

/* Begin PBXBuildFile section */
		5B259CCA1D6630E0001D755F /* AppDelegate.swift in Sources */ = {isa = PBXBuildFile; fileRef = 5B259CC91D6630E0001D755F /* AppDelegate.swift */; };
		5B2675A21D674B400015A238 /* ListEvents.swift in Sources */ = {isa = PBXBuildFile; fileRef = 5B2675A11D674B400015A238 /* ListEvents.swift */; };
		5B302A8F1D663A8500FA2FFD /* ProductListComponent.swift in Sources */ = {isa = PBXBuildFile; fileRef = 5B302A8E1D663A8500FA2FFD /* ProductListComponent.swift */; };
		5BEF08121D6632EC006BF0C0 /* ListCoordinator.swift in Sources */ = {isa = PBXBuildFile; fileRef = 5BEF08111D6632EC006BF0C0 /* ListCoordinator.swift */; };
		5BEF08141D663304006BF0C0 /* ListViewController.swift in Sources */ = {isa = PBXBuildFile; fileRef = 5BEF08131D663304006BF0C0 /* ListViewController.swift */; };
		5BEF08161D66333C006BF0C0 /* ListViewState.swift in Sources */ = {isa = PBXBuildFile; fileRef = 5BEF08151D66333C006BF0C0 /* ListViewState.swift */; };
		5BEF081F1D663598006BF0C0 /* ProductListView.swift in Sources */ = {isa = PBXBuildFile; fileRef = 5BEF081E1D663598006BF0C0 /* ProductListView.swift */; };
		C5C0528B23886699002A586D /* Tempo.framework in Frameworks */ = {isa = PBXBuildFile; fileRef = C5C0528723886616002A586D /* Tempo.framework */; };
		F822446F2685E11D00753398 /* ProductViewerUITests.swift in Sources */ = {isa = PBXBuildFile; fileRef = F822446E2685E11D00753398 /* ProductViewerUITests.swift */; };
		F82244782685E12900753398 /* ProductsUITest.swift in Sources */ = {isa = PBXBuildFile; fileRef = F82244642685E03700753398 /* ProductsUITest.swift */; };
		F822448026862F6500753398 /* ImageLoaderHelper.swift in Sources */ = {isa = PBXBuildFile; fileRef = F822447F26862F6500753398 /* ImageLoaderHelper.swift */; };
		F8261CBC268786B7006C968B /* ProductDetailView.swift in Sources */ = {isa = PBXBuildFile; fileRef = F8261CBB268786B7006C968B /* ProductDetailView.swift */; };
		F8261CBE268786C6006C968B /* ProductDetailPresenter.swift in Sources */ = {isa = PBXBuildFile; fileRef = F8261CBD268786C6006C968B /* ProductDetailPresenter.swift */; };
		F8261CC026878B05006C968B /* DetailCoordinator.swift in Sources */ = {isa = PBXBuildFile; fileRef = F8261CBF26878B05006C968B /* DetailCoordinator.swift */; };
		F8261CC226878B15006C968B /* DetailViewController.swift in Sources */ = {isa = PBXBuildFile; fileRef = F8261CC126878B15006C968B /* DetailViewController.swift */; };
		F8261CC426878B27006C968B /* DetailViewState.swift in Sources */ = {isa = PBXBuildFile; fileRef = F8261CC326878B27006C968B /* DetailViewState.swift */; };
		F8261CC626878B3A006C968B /* DetailListEvents.swift in Sources */ = {isa = PBXBuildFile; fileRef = F8261CC526878B3A006C968B /* DetailListEvents.swift */; };
		F82B7F7126837973009B5ABA /* UINavigationControllerExtension.swift in Sources */ = {isa = PBXBuildFile; fileRef = F82B7F7026837973009B5ABA /* UINavigationControllerExtension.swift */; };
		F82B7F7F2683B5A3009B5ABA /* Price.swift in Sources */ = {isa = PBXBuildFile; fileRef = F82B7F7E2683B5A3009B5ABA /* Price.swift */; };
		F82B7F822683B704009B5ABA /* Product.swift in Sources */ = {isa = PBXBuildFile; fileRef = F82B7F812683B704009B5ABA /* Product.swift */; };
		F82B7F852683B802009B5ABA /* Products.swift in Sources */ = {isa = PBXBuildFile; fileRef = F82B7F842683B802009B5ABA /* Products.swift */; };
		F82B7F8B2683BB53009B5ABA /* MockProductsList.swift in Sources */ = {isa = PBXBuildFile; fileRef = F82B7F8A2683BB53009B5ABA /* MockProductsList.swift */; };
		F82B7F8F2683BFA3009B5ABA /* ProductListServiceHelper.swift in Sources */ = {isa = PBXBuildFile; fileRef = F82B7F8E2683BFA3009B5ABA /* ProductListServiceHelper.swift */; };
		F82B7FF026848FCA009B5ABA /* RequestHandler.swift in Sources */ = {isa = PBXBuildFile; fileRef = F82B7FEF26848FCA009B5ABA /* RequestHandler.swift */; };
		F82B7FF326849071009B5ABA /* ResponseHandler.swift in Sources */ = {isa = PBXBuildFile; fileRef = F82B7FF226849071009B5ABA /* ResponseHandler.swift */; };
		F82B7FF626849173009B5ABA /* WebServiceManager.swift in Sources */ = {isa = PBXBuildFile; fileRef = F82B7FF526849173009B5ABA /* WebServiceManager.swift */; };
		F832C8682687558D008E750E /* NSUserActivityExtension.swift in Sources */ = {isa = PBXBuildFile; fileRef = F832C8672687558D008E750E /* NSUserActivityExtension.swift */; };
		F8D6D3F8268764E7002CFBCA /* TargetLaunchScreen.storyboard in Resources */ = {isa = PBXBuildFile; fileRef = F8D6D3F626876488002CFBCA /* TargetLaunchScreen.storyboard */; };
/* End PBXBuildFile section */

/* Begin PBXContainerItemProxy section */
		F82244712685E11D00753398 /* PBXContainerItemProxy */ = {
			isa = PBXContainerItemProxy;
			containerPortal = 5B259CBE1D6630E0001D755F /* Project object */;
			proxyType = 1;
			remoteGlobalIDString = 5B259CC51D6630E0001D755F;
			remoteInfo = ProductViewer;
		};
/* End PBXContainerItemProxy section */

/* Begin PBXFileReference section */
		5B259CC61D6630E0001D755F /* ProductViewer.app */ = {isa = PBXFileReference; explicitFileType = wrapper.application; includeInIndex = 0; path = ProductViewer.app; sourceTree = BUILT_PRODUCTS_DIR; };
		5B259CC91D6630E0001D755F /* AppDelegate.swift */ = {isa = PBXFileReference; lastKnownFileType = sourcecode.swift; path = AppDelegate.swift; sourceTree = "<group>"; };
		5B259CD01D6630E0001D755F /* Assets.xcassets */ = {isa = PBXFileReference; lastKnownFileType = folder.assetcatalog; path = Assets.xcassets; sourceTree = "<group>"; };
		5B259CD51D6630E0001D755F /* Info.plist */ = {isa = PBXFileReference; lastKnownFileType = text.plist.xml; path = Info.plist; sourceTree = "<group>"; };
		5B2675A11D674B400015A238 /* ListEvents.swift */ = {isa = PBXFileReference; fileEncoding = 4; lastKnownFileType = sourcecode.swift; path = ListEvents.swift; sourceTree = "<group>"; };
		5B302A8E1D663A8500FA2FFD /* ProductListComponent.swift */ = {isa = PBXFileReference; fileEncoding = 4; lastKnownFileType = sourcecode.swift; path = ProductListComponent.swift; sourceTree = "<group>"; };
		5BEF08111D6632EC006BF0C0 /* ListCoordinator.swift */ = {isa = PBXFileReference; fileEncoding = 4; lastKnownFileType = sourcecode.swift; path = ListCoordinator.swift; sourceTree = "<group>"; };
		5BEF08131D663304006BF0C0 /* ListViewController.swift */ = {isa = PBXFileReference; fileEncoding = 4; lastKnownFileType = sourcecode.swift; path = ListViewController.swift; sourceTree = "<group>"; };
		5BEF08151D66333C006BF0C0 /* ListViewState.swift */ = {isa = PBXFileReference; fileEncoding = 4; lastKnownFileType = sourcecode.swift; path = ListViewState.swift; sourceTree = "<group>"; };
		5BEF081E1D663598006BF0C0 /* ProductListView.swift */ = {isa = PBXFileReference; fileEncoding = 4; lastKnownFileType = sourcecode.swift; path = ProductListView.swift; sourceTree = "<group>"; };
		C5C0528723886616002A586D /* Tempo.framework */ = {isa = PBXFileReference; explicitFileType = wrapper.framework; path = Tempo.framework; sourceTree = BUILT_PRODUCTS_DIR; };
		F82244642685E03700753398 /* ProductsUITest.swift */ = {isa = PBXFileReference; lastKnownFileType = sourcecode.swift; path = ProductsUITest.swift; sourceTree = "<group>"; };
		F822446C2685E11D00753398 /* ProductViewerUITests.xctest */ = {isa = PBXFileReference; explicitFileType = wrapper.cfbundle; includeInIndex = 0; path = ProductViewerUITests.xctest; sourceTree = BUILT_PRODUCTS_DIR; };
		F822446E2685E11D00753398 /* ProductViewerUITests.swift */ = {isa = PBXFileReference; lastKnownFileType = sourcecode.swift; path = ProductViewerUITests.swift; sourceTree = "<group>"; };
		F82244702685E11D00753398 /* Info.plist */ = {isa = PBXFileReference; lastKnownFileType = text.plist.xml; path = Info.plist; sourceTree = "<group>"; };
		F822447F26862F6500753398 /* ImageLoaderHelper.swift */ = {isa = PBXFileReference; lastKnownFileType = sourcecode.swift; path = ImageLoaderHelper.swift; sourceTree = "<group>"; };
		F8261CBB268786B7006C968B /* ProductDetailView.swift */ = {isa = PBXFileReference; lastKnownFileType = sourcecode.swift; path = ProductDetailView.swift; sourceTree = "<group>"; };
		F8261CBD268786C6006C968B /* ProductDetailPresenter.swift */ = {isa = PBXFileReference; lastKnownFileType = sourcecode.swift; path = ProductDetailPresenter.swift; sourceTree = "<group>"; };
		F8261CBF26878B05006C968B /* DetailCoordinator.swift */ = {isa = PBXFileReference; lastKnownFileType = sourcecode.swift; path = DetailCoordinator.swift; sourceTree = "<group>"; };
		F8261CC126878B15006C968B /* DetailViewController.swift */ = {isa = PBXFileReference; lastKnownFileType = sourcecode.swift; path = DetailViewController.swift; sourceTree = "<group>"; };
		F8261CC326878B27006C968B /* DetailViewState.swift */ = {isa = PBXFileReference; lastKnownFileType = sourcecode.swift; path = DetailViewState.swift; sourceTree = "<group>"; };
		F8261CC526878B3A006C968B /* DetailListEvents.swift */ = {isa = PBXFileReference; lastKnownFileType = sourcecode.swift; path = DetailListEvents.swift; sourceTree = "<group>"; };
		F82B7F7026837973009B5ABA /* UINavigationControllerExtension.swift */ = {isa = PBXFileReference; lastKnownFileType = sourcecode.swift; path = UINavigationControllerExtension.swift; sourceTree = "<group>"; };
		F82B7F7E2683B5A3009B5ABA /* Price.swift */ = {isa = PBXFileReference; lastKnownFileType = sourcecode.swift; path = Price.swift; sourceTree = "<group>"; };
		F82B7F812683B704009B5ABA /* Product.swift */ = {isa = PBXFileReference; lastKnownFileType = sourcecode.swift; path = Product.swift; sourceTree = "<group>"; };
		F82B7F842683B802009B5ABA /* Products.swift */ = {isa = PBXFileReference; lastKnownFileType = sourcecode.swift; path = Products.swift; sourceTree = "<group>"; };
		F82B7F8A2683BB53009B5ABA /* MockProductsList.swift */ = {isa = PBXFileReference; lastKnownFileType = sourcecode.swift; path = MockProductsList.swift; sourceTree = "<group>"; };
		F82B7F8E2683BFA3009B5ABA /* ProductListServiceHelper.swift */ = {isa = PBXFileReference; lastKnownFileType = sourcecode.swift; path = ProductListServiceHelper.swift; sourceTree = "<group>"; };
		F82B7FEF26848FCA009B5ABA /* RequestHandler.swift */ = {isa = PBXFileReference; lastKnownFileType = sourcecode.swift; path = RequestHandler.swift; sourceTree = "<group>"; };
		F82B7FF226849071009B5ABA /* ResponseHandler.swift */ = {isa = PBXFileReference; lastKnownFileType = sourcecode.swift; path = ResponseHandler.swift; sourceTree = "<group>"; };
		F82B7FF526849173009B5ABA /* WebServiceManager.swift */ = {isa = PBXFileReference; lastKnownFileType = sourcecode.swift; path = WebServiceManager.swift; sourceTree = "<group>"; };
		F832C8672687558D008E750E /* NSUserActivityExtension.swift */ = {isa = PBXFileReference; lastKnownFileType = sourcecode.swift; path = NSUserActivityExtension.swift; sourceTree = "<group>"; };
		F8D6D3F626876488002CFBCA /* TargetLaunchScreen.storyboard */ = {isa = PBXFileReference; lastKnownFileType = file.storyboard; path = TargetLaunchScreen.storyboard; sourceTree = "<group>"; };
/* End PBXFileReference section */

/* Begin PBXFrameworksBuildPhase section */
		5B259CC31D6630E0001D755F /* Frameworks */ = {
			isa = PBXFrameworksBuildPhase;
			buildActionMask = 2147483647;
			files = (
				C5C0528B23886699002A586D /* Tempo.framework in Frameworks */,
			);
			runOnlyForDeploymentPostprocessing = 0;
		};
		F82244692685E11D00753398 /* Frameworks */ = {
			isa = PBXFrameworksBuildPhase;
			buildActionMask = 2147483647;
			files = (
			);
			runOnlyForDeploymentPostprocessing = 0;
		};
/* End PBXFrameworksBuildPhase section */

/* Begin PBXGroup section */
		5B259CBD1D6630E0001D755F = {
			isa = PBXGroup;
			children = (
				F8D6D3F626876488002CFBCA /* TargetLaunchScreen.storyboard */,
				5B259CC81D6630E0001D755F /* ProductViewer */,
				F822446D2685E11D00753398 /* ProductViewerUITests */,
				5B259CC71D6630E0001D755F /* Products */,
				5B518D921F1010E1005C013B /* Frameworks */,
			);
			sourceTree = "<group>";
		};
		5B259CC71D6630E0001D755F /* Products */ = {
			isa = PBXGroup;
			children = (
				5B259CC61D6630E0001D755F /* ProductViewer.app */,
				F822446C2685E11D00753398 /* ProductViewerUITests.xctest */,
			);
			name = Products;
			sourceTree = "<group>";
		};
		5B259CC81D6630E0001D755F /* ProductViewer */ = {
			isa = PBXGroup;
			children = (
				F82B7FF8268496CC009B5ABA /* Service */,
				F82B7F882683BB27009B5ABA /* Tests */,
				F82B7F872683B890009B5ABA /* Networking */,
				F82B7F7D2683B586009B5ABA /* Models */,
				F82B7F6F2683794F009B5ABA /* Extensions */,
				F8261CB92687867C006C968B /* Details */,
				5BEF080F1D663283006BF0C0 /* List */,
				5B259CC91D6630E0001D755F /* AppDelegate.swift */,
				5B259CD01D6630E0001D755F /* Assets.xcassets */,
				5B259CD51D6630E0001D755F /* Info.plist */,
			);
			path = ProductViewer;
			sourceTree = "<group>";
		};
		5B518D921F1010E1005C013B /* Frameworks */ = {
			isa = PBXGroup;
			children = (
				C5C0528723886616002A586D /* Tempo.framework */,
			);
			name = Frameworks;
			sourceTree = "<group>";
		};
		5BEF080F1D663283006BF0C0 /* List */ = {
			isa = PBXGroup;
			children = (
				5BEF081D1D663573006BF0C0 /* Components */,
				5BEF08111D6632EC006BF0C0 /* ListCoordinator.swift */,
				5BEF08131D663304006BF0C0 /* ListViewController.swift */,
				5BEF08151D66333C006BF0C0 /* ListViewState.swift */,
				5B2675A11D674B400015A238 /* ListEvents.swift */,
			);
			path = List;
			sourceTree = "<group>";
		};
		5BEF081D1D663573006BF0C0 /* Components */ = {
			isa = PBXGroup;
			children = (
				5BEF081E1D663598006BF0C0 /* ProductListView.swift */,
				5B302A8E1D663A8500FA2FFD /* ProductListComponent.swift */,
			);
			path = Components;
			sourceTree = "<group>";
		};
		F822446D2685E11D00753398 /* ProductViewerUITests */ = {
			isa = PBXGroup;
			children = (
				F822446E2685E11D00753398 /* ProductViewerUITests.swift */,
				F82244702685E11D00753398 /* Info.plist */,
			);
			path = ProductViewerUITests;
			sourceTree = "<group>";
		};
		F8261CB92687867C006C968B /* Details */ = {
			isa = PBXGroup;
			children = (
				F8261CBA2687869B006C968B /* Components */,
				F8261CC526878B3A006C968B /* DetailListEvents.swift */,
				F8261CC326878B27006C968B /* DetailViewState.swift */,
				F8261CBF26878B05006C968B /* DetailCoordinator.swift */,
				F8261CC126878B15006C968B /* DetailViewController.swift */,
			);
			path = Details;
			sourceTree = "<group>";
		};
		F8261CBA2687869B006C968B /* Components */ = {
			isa = PBXGroup;
			children = (
				F8261CBB268786B7006C968B /* ProductDetailView.swift */,
				F8261CBD268786C6006C968B /* ProductDetailPresenter.swift */,
			);
			path = Components;
			sourceTree = "<group>";
		};
		F82B7F6F2683794F009B5ABA /* Extensions */ = {
			isa = PBXGroup;
			children = (
				F82B7F7026837973009B5ABA /* UINavigationControllerExtension.swift */,
				F832C8672687558D008E750E /* NSUserActivityExtension.swift */,
			);
			path = Extensions;
			sourceTree = "<group>";
		};
		F82B7F7D2683B586009B5ABA /* Models */ = {
			isa = PBXGroup;
			children = (
				F82B7F7E2683B5A3009B5ABA /* Price.swift */,
				F82B7F812683B704009B5ABA /* Product.swift */,
				F82B7F842683B802009B5ABA /* Products.swift */,
			);
			path = Models;
			sourceTree = "<group>";
		};
		F82B7F872683B890009B5ABA /* Networking */ = {
			isa = PBXGroup;
			children = (
				F82B7FEF26848FCA009B5ABA /* RequestHandler.swift */,
				F82B7FF226849071009B5ABA /* ResponseHandler.swift */,
				F82B7FF526849173009B5ABA /* WebServiceManager.swift */,
			);
			path = Networking;
			sourceTree = "<group>";
		};
		F82B7F882683BB27009B5ABA /* Tests */ = {
			isa = PBXGroup;
			children = (
				F82B7F892683BB31009B5ABA /* Mocks */,
				F82244642685E03700753398 /* ProductsUITest.swift */,
			);
			path = Tests;
			sourceTree = "<group>";
		};
		F82B7F892683BB31009B5ABA /* Mocks */ = {
			isa = PBXGroup;
			children = (
				F82B7F8A2683BB53009B5ABA /* MockProductsList.swift */,
			);
			path = Mocks;
			sourceTree = "<group>";
		};
		F82B7FF8268496CC009B5ABA /* Service */ = {
			isa = PBXGroup;
			children = (
				F82B7F8E2683BFA3009B5ABA /* ProductListServiceHelper.swift */,
				F822447F26862F6500753398 /* ImageLoaderHelper.swift */,
			);
			path = Service;
			sourceTree = "<group>";
		};
/* End PBXGroup section */

/* Begin PBXNativeTarget section */
		5B259CC51D6630E0001D755F /* ProductViewer */ = {
			isa = PBXNativeTarget;
			buildConfigurationList = 5B259CD81D6630E0001D755F /* Build configuration list for PBXNativeTarget "ProductViewer" */;
			buildPhases = (
				5B259CC21D6630E0001D755F /* Sources */,
				5B259CC31D6630E0001D755F /* Frameworks */,
				5B259CC41D6630E0001D755F /* Resources */,
			);
			buildRules = (
			);
			dependencies = (
			);
			name = ProductViewer;
			productName = ProductViewer;
			productReference = 5B259CC61D6630E0001D755F /* ProductViewer.app */;
			productType = "com.apple.product-type.application";
		};
		F822446B2685E11D00753398 /* ProductViewerUITests */ = {
			isa = PBXNativeTarget;
			buildConfigurationList = F82244732685E11E00753398 /* Build configuration list for PBXNativeTarget "ProductViewerUITests" */;
			buildPhases = (
				F82244682685E11D00753398 /* Sources */,
				F82244692685E11D00753398 /* Frameworks */,
				F822446A2685E11D00753398 /* Resources */,
			);
			buildRules = (
			);
			dependencies = (
				F82244722685E11D00753398 /* PBXTargetDependency */,
			);
			name = ProductViewerUITests;
			productName = ProductViewerUITests;
			productReference = F822446C2685E11D00753398 /* ProductViewerUITests.xctest */;
			productType = "com.apple.product-type.bundle.ui-testing";
		};
/* End PBXNativeTarget section */

/* Begin PBXProject section */
		5B259CBE1D6630E0001D755F /* Project object */ = {
			isa = PBXProject;
			attributes = {
				LastSwiftUpdateCheck = 1240;
				LastUpgradeCheck = 1100;
				ORGANIZATIONNAME = Target;
				TargetAttributes = {
					5B259CC51D6630E0001D755F = {
						CreatedOnToolsVersion = 7.3.1;
						LastSwiftMigration = 0830;
					};
					F822446B2685E11D00753398 = {
						CreatedOnToolsVersion = 12.4;
						ProvisioningStyle = Automatic;
						TestTargetID = 5B259CC51D6630E0001D755F;
					};
				};
			};
			buildConfigurationList = 5B259CC11D6630E0001D755F /* Build configuration list for PBXProject "ProductViewer" */;
			compatibilityVersion = "Xcode 3.2";
			developmentRegion = en;
			hasScannedForEncodings = 0;
			knownRegions = (
				en,
				Base,
			);
			mainGroup = 5B259CBD1D6630E0001D755F;
			productRefGroup = 5B259CC71D6630E0001D755F /* Products */;
			projectDirPath = "";
			projectRoot = "";
			targets = (
				5B259CC51D6630E0001D755F /* ProductViewer */,
				F822446B2685E11D00753398 /* ProductViewerUITests */,
			);
		};
/* End PBXProject section */

/* Begin PBXResourcesBuildPhase section */
		5B259CC41D6630E0001D755F /* Resources */ = {
			isa = PBXResourcesBuildPhase;
			buildActionMask = 2147483647;
			files = (
				F8D6D3F8268764E7002CFBCA /* TargetLaunchScreen.storyboard in Resources */,
			);
			runOnlyForDeploymentPostprocessing = 0;
		};
		F822446A2685E11D00753398 /* Resources */ = {
			isa = PBXResourcesBuildPhase;
			buildActionMask = 2147483647;
			files = (
			);
			runOnlyForDeploymentPostprocessing = 0;
		};
/* End PBXResourcesBuildPhase section */

/* Begin PBXSourcesBuildPhase section */
		5B259CC21D6630E0001D755F /* Sources */ = {
			isa = PBXSourcesBuildPhase;
			buildActionMask = 2147483647;
			files = (
				F832C8682687558D008E750E /* NSUserActivityExtension.swift in Sources */,
				F8261CBC268786B7006C968B /* ProductDetailView.swift in Sources */,
				F8261CC226878B15006C968B /* DetailViewController.swift in Sources */,
				F822448026862F6500753398 /* ImageLoaderHelper.swift in Sources */,
				F8261CC026878B05006C968B /* DetailCoordinator.swift in Sources */,
				5BEF08161D66333C006BF0C0 /* ListViewState.swift in Sources */,
				5B259CCA1D6630E0001D755F /* AppDelegate.swift in Sources */,
				5BEF081F1D663598006BF0C0 /* ProductListView.swift in Sources */,
				F82B7F7F2683B5A3009B5ABA /* Price.swift in Sources */,
				5B302A8F1D663A8500FA2FFD /* ProductListComponent.swift in Sources */,
				F82B7F8F2683BFA3009B5ABA /* ProductListServiceHelper.swift in Sources */,
				F82B7F822683B704009B5ABA /* Product.swift in Sources */,
				F8261CC626878B3A006C968B /* DetailListEvents.swift in Sources */,
				5BEF08141D663304006BF0C0 /* ListViewController.swift in Sources */,
				5BEF08121D6632EC006BF0C0 /* ListCoordinator.swift in Sources */,
				F82B7F852683B802009B5ABA /* Products.swift in Sources */,
				F82B7FF026848FCA009B5ABA /* RequestHandler.swift in Sources */,
				F82B7F8B2683BB53009B5ABA /* MockProductsList.swift in Sources */,
				F82B7FF326849071009B5ABA /* ResponseHandler.swift in Sources */,
				5B2675A21D674B400015A238 /* ListEvents.swift in Sources */,
				F8261CBE268786C6006C968B /* ProductDetailPresenter.swift in Sources */,
				F82B7FF626849173009B5ABA /* WebServiceManager.swift in Sources */,
				F82B7F7126837973009B5ABA /* UINavigationControllerExtension.swift in Sources */,
				F8261CC426878B27006C968B /* DetailViewState.swift in Sources */,
			);
			runOnlyForDeploymentPostprocessing = 0;
		};
		F82244682685E11D00753398 /* Sources */ = {
			isa = PBXSourcesBuildPhase;
			buildActionMask = 2147483647;
			files = (
				F822446F2685E11D00753398 /* ProductViewerUITests.swift in Sources */,
				F82244782685E12900753398 /* ProductsUITest.swift in Sources */,
			);
			runOnlyForDeploymentPostprocessing = 0;
		};
/* End PBXSourcesBuildPhase section */

/* Begin PBXTargetDependency section */
		F82244722685E11D00753398 /* PBXTargetDependency */ = {
			isa = PBXTargetDependency;
			target = 5B259CC51D6630E0001D755F /* ProductViewer */;
			targetProxy = F82244712685E11D00753398 /* PBXContainerItemProxy */;
		};
/* End PBXTargetDependency section */

/* Begin XCBuildConfiguration section */
		5B259CD61D6630E0001D755F /* Debug */ = {
			isa = XCBuildConfiguration;
			buildSettings = {
				ALWAYS_SEARCH_USER_PATHS = NO;
				CLANG_ANALYZER_NONNULL = YES;
				CLANG_CXX_LANGUAGE_STANDARD = "gnu++0x";
				CLANG_CXX_LIBRARY = "libc++";
				CLANG_ENABLE_MODULES = YES;
				CLANG_ENABLE_OBJC_ARC = YES;
				CLANG_WARN_BLOCK_CAPTURE_AUTORELEASING = YES;
				CLANG_WARN_BOOL_CONVERSION = YES;
				CLANG_WARN_COMMA = YES;
				CLANG_WARN_CONSTANT_CONVERSION = YES;
				CLANG_WARN_DEPRECATED_OBJC_IMPLEMENTATIONS = YES;
				CLANG_WARN_DIRECT_OBJC_ISA_USAGE = YES_ERROR;
				CLANG_WARN_EMPTY_BODY = YES;
				CLANG_WARN_ENUM_CONVERSION = YES;
				CLANG_WARN_INFINITE_RECURSION = YES;
				CLANG_WARN_INT_CONVERSION = YES;
				CLANG_WARN_NON_LITERAL_NULL_CONVERSION = YES;
				CLANG_WARN_OBJC_IMPLICIT_RETAIN_SELF = YES;
				CLANG_WARN_OBJC_LITERAL_CONVERSION = YES;
				CLANG_WARN_OBJC_ROOT_CLASS = YES_ERROR;
				CLANG_WARN_RANGE_LOOP_ANALYSIS = YES;
				CLANG_WARN_STRICT_PROTOTYPES = YES;
				CLANG_WARN_SUSPICIOUS_MOVE = YES;
				CLANG_WARN_UNREACHABLE_CODE = YES;
				CLANG_WARN__DUPLICATE_METHOD_MATCH = YES;
				"CODE_SIGN_IDENTITY[sdk=iphoneos*]" = "iPhone Developer";
				COPY_PHASE_STRIP = NO;
				DEBUG_INFORMATION_FORMAT = dwarf;
				ENABLE_STRICT_OBJC_MSGSEND = YES;
				ENABLE_TESTABILITY = YES;
				GCC_C_LANGUAGE_STANDARD = gnu99;
				GCC_DYNAMIC_NO_PIC = NO;
				GCC_NO_COMMON_BLOCKS = YES;
				GCC_OPTIMIZATION_LEVEL = 0;
				GCC_PREPROCESSOR_DEFINITIONS = (
					"DEBUG=1",
					"$(inherited)",
				);
				GCC_WARN_64_TO_32_BIT_CONVERSION = YES;
				GCC_WARN_ABOUT_RETURN_TYPE = YES_ERROR;
				GCC_WARN_UNDECLARED_SELECTOR = YES;
				GCC_WARN_UNINITIALIZED_AUTOS = YES_AGGRESSIVE;
				GCC_WARN_UNUSED_FUNCTION = YES;
				GCC_WARN_UNUSED_VARIABLE = YES;
				IPHONEOS_DEPLOYMENT_TARGET = 11.0;
				MTL_ENABLE_DEBUG_INFO = YES;
				ONLY_ACTIVE_ARCH = YES;
				SDKROOT = iphoneos;
				SWIFT_OPTIMIZATION_LEVEL = "-Onone";
				TARGETED_DEVICE_FAMILY = "1,2";
			};
			name = Debug;
		};
		5B259CD71D6630E0001D755F /* Release */ = {
			isa = XCBuildConfiguration;
			buildSettings = {
				ALWAYS_SEARCH_USER_PATHS = NO;
				CLANG_ANALYZER_NONNULL = YES;
				CLANG_CXX_LANGUAGE_STANDARD = "gnu++0x";
				CLANG_CXX_LIBRARY = "libc++";
				CLANG_ENABLE_MODULES = YES;
				CLANG_ENABLE_OBJC_ARC = YES;
				CLANG_WARN_BLOCK_CAPTURE_AUTORELEASING = YES;
				CLANG_WARN_BOOL_CONVERSION = YES;
				CLANG_WARN_COMMA = YES;
				CLANG_WARN_CONSTANT_CONVERSION = YES;
				CLANG_WARN_DEPRECATED_OBJC_IMPLEMENTATIONS = YES;
				CLANG_WARN_DIRECT_OBJC_ISA_USAGE = YES_ERROR;
				CLANG_WARN_EMPTY_BODY = YES;
				CLANG_WARN_ENUM_CONVERSION = YES;
				CLANG_WARN_INFINITE_RECURSION = YES;
				CLANG_WARN_INT_CONVERSION = YES;
				CLANG_WARN_NON_LITERAL_NULL_CONVERSION = YES;
				CLANG_WARN_OBJC_IMPLICIT_RETAIN_SELF = YES;
				CLANG_WARN_OBJC_LITERAL_CONVERSION = YES;
				CLANG_WARN_OBJC_ROOT_CLASS = YES_ERROR;
				CLANG_WARN_RANGE_LOOP_ANALYSIS = YES;
				CLANG_WARN_STRICT_PROTOTYPES = YES;
				CLANG_WARN_SUSPICIOUS_MOVE = YES;
				CLANG_WARN_UNREACHABLE_CODE = YES;
				CLANG_WARN__DUPLICATE_METHOD_MATCH = YES;
				"CODE_SIGN_IDENTITY[sdk=iphoneos*]" = "";
				COPY_PHASE_STRIP = NO;
				DEBUG_INFORMATION_FORMAT = "dwarf-with-dsym";
				ENABLE_NS_ASSERTIONS = NO;
				ENABLE_STRICT_OBJC_MSGSEND = YES;
				GCC_C_LANGUAGE_STANDARD = gnu99;
				GCC_NO_COMMON_BLOCKS = YES;
				GCC_WARN_64_TO_32_BIT_CONVERSION = YES;
				GCC_WARN_ABOUT_RETURN_TYPE = YES_ERROR;
				GCC_WARN_UNDECLARED_SELECTOR = YES;
				GCC_WARN_UNINITIALIZED_AUTOS = YES_AGGRESSIVE;
				GCC_WARN_UNUSED_FUNCTION = YES;
				GCC_WARN_UNUSED_VARIABLE = YES;
				IPHONEOS_DEPLOYMENT_TARGET = 11.0;
				MTL_ENABLE_DEBUG_INFO = NO;
				SDKROOT = iphoneos;
				SWIFT_COMPILATION_MODE = wholemodule;
				TARGETED_DEVICE_FAMILY = "1,2";
				VALIDATE_PRODUCT = YES;
			};
			name = Release;
		};
		5B259CD91D6630E0001D755F /* Debug */ = {
			isa = XCBuildConfiguration;
			buildSettings = {
				INFOPLIST_FILE = ProductViewer/Info.plist;
				LD_RUNPATH_SEARCH_PATHS = "$(inherited) @executable_path/Frameworks";
				MARKETING_VERSION = 2.1;
				PRODUCT_BUNDLE_IDENTIFIER = com.target.ProductViewer;
				PRODUCT_NAME = "$(TARGET_NAME)";
				SWIFT_VERSION = 5.0;
				TARGETED_DEVICE_FAMILY = 1;
			};
			name = Debug;
		};
		5B259CDA1D6630E0001D755F /* Release */ = {
			isa = XCBuildConfiguration;
			buildSettings = {
				INFOPLIST_FILE = ProductViewer/Info.plist;
				LD_RUNPATH_SEARCH_PATHS = "$(inherited) @executable_path/Frameworks";
				MARKETING_VERSION = 2.1;
				PRODUCT_BUNDLE_IDENTIFIER = com.target.ProductViewer;
				PRODUCT_NAME = "$(TARGET_NAME)";
				SWIFT_VERSION = 5.0;
				TARGETED_DEVICE_FAMILY = 1;
			};
			name = Release;
		};
		F82244742685E11E00753398 /* Debug */ = {
			isa = XCBuildConfiguration;
			buildSettings = {
				CLANG_ANALYZER_NUMBER_OBJECT_CONVERSION = YES_AGGRESSIVE;
				CLANG_CXX_LANGUAGE_STANDARD = "gnu++14";
				CLANG_ENABLE_OBJC_WEAK = YES;
				CLANG_WARN_DOCUMENTATION_COMMENTS = YES;
				CLANG_WARN_QUOTED_INCLUDE_IN_FRAMEWORK_HEADER = YES;
				CLANG_WARN_UNGUARDED_AVAILABILITY = YES_AGGRESSIVE;
				CODE_SIGN_STYLE = Automatic;
				GCC_C_LANGUAGE_STANDARD = gnu11;
				INFOPLIST_FILE = ProductViewerUITests/Info.plist;
				IPHONEOS_DEPLOYMENT_TARGET = 11.0;
				LD_RUNPATH_SEARCH_PATHS = "$(inherited) @executable_path/Frameworks @loader_path/Frameworks";
				MTL_ENABLE_DEBUG_INFO = INCLUDE_SOURCE;
				MTL_FAST_MATH = YES;
				PRODUCT_BUNDLE_IDENTIFIER = com.practice.ProductViewerUITests;
				PRODUCT_NAME = "$(TARGET_NAME)";
				SWIFT_ACTIVE_COMPILATION_CONDITIONS = DEBUG;
				SWIFT_VERSION = 5.0;
				TARGETED_DEVICE_FAMILY = 1;
				TEST_TARGET_NAME = ProductViewer;
			};
			name = Debug;
		};
		F82244752685E11E00753398 /* Release */ = {
			isa = XCBuildConfiguration;
			buildSettings = {
				CLANG_ANALYZER_NUMBER_OBJECT_CONVERSION = YES_AGGRESSIVE;
				CLANG_CXX_LANGUAGE_STANDARD = "gnu++14";
				CLANG_ENABLE_OBJC_WEAK = YES;
				CLANG_WARN_DOCUMENTATION_COMMENTS = YES;
				CLANG_WARN_QUOTED_INCLUDE_IN_FRAMEWORK_HEADER = YES;
				CLANG_WARN_UNGUARDED_AVAILABILITY = YES_AGGRESSIVE;
				CODE_SIGN_STYLE = Automatic;
				GCC_C_LANGUAGE_STANDARD = gnu11;
				INFOPLIST_FILE = ProductViewerUITests/Info.plist;
				IPHONEOS_DEPLOYMENT_TARGET = 11.0;
				LD_RUNPATH_SEARCH_PATHS = "$(inherited) @executable_path/Frameworks @loader_path/Frameworks";
				MTL_FAST_MATH = YES;
				PRODUCT_BUNDLE_IDENTIFIER = com.practice.ProductViewerUITests;
				PRODUCT_NAME = "$(TARGET_NAME)";
				SWIFT_OPTIMIZATION_LEVEL = "-O";
				SWIFT_VERSION = 5.0;
				TARGETED_DEVICE_FAMILY = 1;
				TEST_TARGET_NAME = ProductViewer;
			};
			name = Release;
		};
/* End XCBuildConfiguration section */

/* Begin XCConfigurationList section */
		5B259CC11D6630E0001D755F /* Build configuration list for PBXProject "ProductViewer" */ = {
			isa = XCConfigurationList;
			buildConfigurations = (
				5B259CD61D6630E0001D755F /* Debug */,
				5B259CD71D6630E0001D755F /* Release */,
			);
			defaultConfigurationIsVisible = 0;
			defaultConfigurationName = Release;
		};
		5B259CD81D6630E0001D755F /* Build configuration list for PBXNativeTarget "ProductViewer" */ = {
			isa = XCConfigurationList;
			buildConfigurations = (
				5B259CD91D6630E0001D755F /* Debug */,
				5B259CDA1D6630E0001D755F /* Release */,
			);
			defaultConfigurationIsVisible = 0;
			defaultConfigurationName = Release;
		};
		F82244732685E11E00753398 /* Build configuration list for PBXNativeTarget "ProductViewerUITests" */ = {
			isa = XCConfigurationList;
			buildConfigurations = (
				F82244742685E11E00753398 /* Debug */,
				F82244752685E11E00753398 /* Release */,
			);
			defaultConfigurationIsVisible = 0;
			defaultConfigurationName = Release;
		};
/* End XCConfigurationList section */
	};
	rootObject = 5B259CBE1D6630E0001D755F /* Project object */;
}
